
Microsoft Visual Studio Solution File, Format Version 12.00
# Visual Studio Version 17
VisualStudioVersion = 17.0.31903.59
MinimumVisualStudioVersion = 10.0.40219.1
Project("{2150E333-8FDC-42A3-9474-1A3956D46DE8}") = "src", "src", "{37344513-1ED4-406D-A9F5-81D835E30A76}"
EndProject
Project("{FAE04EC0-301F-11D3-BF4B-00C04F79EFBC}") = "RequestService.Domain", "src\RequestService.Domain\RequestService.Domain.csproj", "{41CE4678-8907-4E2B-A635-509A16F0E8B8}"
EndProject
Project("{FAE04EC0-301F-11D3-BF4B-00C04F79EFBC}") = "RequestService.Application", "src\RequestService.Application\RequestService.Application.csproj", "{9A5051BE-5D7C-4189-9DF3-29FAD6373C42}"
EndProject
Project("{FAE04EC0-301F-11D3-BF4B-00C04F79EFBC}") = "RequestService.Infrastructure", "src\RequestService.Infrastructure\RequestService.Infrastructure.csproj", "{E0EC77FD-1E56-4521-8980-DB39FAEB9C14}"
EndProject
Project("{FAE04EC0-301F-11D3-BF4B-00C04F79EFBC}") = "RequestService.Api", "src\RequestService.Api\RequestService.Api.csproj", "{66705027-EE6D-4B9A-9ADD-4C72354815A7}"
EndProject
Global
	GlobalSection(SolutionConfigurationPlatforms) = preSolution
		Debug|Any CPU = Debug|Any CPU
		Release|Any CPU = Release|Any CPU
	EndGlobalSection
	GlobalSection(SolutionProperties) = preSolution
		HideSolutionNode = FALSE
	EndGlobalSection
	GlobalSection(ProjectConfigurationPlatforms) = postSolution
		{41CE4678-8907-4E2B-A635-509A16F0E8B8}.Debug|Any CPU.ActiveCfg = Debug|Any CPU
		{41CE4678-8907-4E2B-A635-509A16F0E8B8}.Debug|Any CPU.Build.0 = Debug|Any CPU
		{41CE4678-8907-4E2B-A635-509A16F0E8B8}.Release|Any CPU.ActiveCfg = Release|Any CPU
		{41CE4678-8907-4E2B-A635-509A16F0E8B8}.Release|Any CPU.Build.0 = Release|Any CPU
		{9A5051BE-5D7C-4189-9DF3-29FAD6373C42}.Debug|Any CPU.ActiveCfg = Debug|Any CPU
		{9A5051BE-5D7C-4189-9DF3-29FAD6373C42}.Debug|Any CPU.Build.0 = Debug|Any CPU
		{9A5051BE-5D7C-4189-9DF3-29FAD6373C42}.Release|Any CPU.ActiveCfg = Release|Any CPU
		{9A5051BE-5D7C-4189-9DF3-29FAD6373C42}.Release|Any CPU.Build.0 = Release|Any CPU
		{E0EC77FD-1E56-4521-8980-DB39FAEB9C14}.Debug|Any CPU.ActiveCfg = Debug|Any CPU
		{E0EC77FD-1E56-4521-8980-DB39FAEB9C14}.Debug|Any CPU.Build.0 = Debug|Any CPU
		{E0EC77FD-1E56-4521-8980-DB39FAEB9C14}.Release|Any CPU.ActiveCfg = Release|Any CPU
		{E0EC77FD-1E56-4521-8980-DB39FAEB9C14}.Release|Any CPU.Build.0 = Release|Any CPU
		{66705027-EE6D-4B9A-9ADD-4C72354815A7}.Debug|Any CPU.ActiveCfg = Debug|Any CPU
		{66705027-EE6D-4B9A-9ADD-4C72354815A7}.Debug|Any CPU.Build.0 = Debug|Any CPU
		{66705027-EE6D-4B9A-9ADD-4C72354815A7}.Release|Any CPU.ActiveCfg = Release|Any CPU
		{66705027-EE6D-4B9A-9ADD-4C72354815A7}.Release|Any CPU.Build.0 = Release|Any CPU
	EndGlobalSection
	GlobalSection(NestedProjects) = preSolution
		{41CE4678-8907-4E2B-A635-509A16F0E8B8} = {37344513-1ED4-406D-A9F5-81D835E30A76}
		{9A5051BE-5D7C-4189-9DF3-29FAD6373C42} = {37344513-1ED4-406D-A9F5-81D835E30A76}
		{E0EC77FD-1E56-4521-8980-DB39FAEB9C14} = {37344513-1ED4-406D-A9F5-81D835E30A76}
		{66705027-EE6D-4B9A-9ADD-4C72354815A7} = {37344513-1ED4-406D-A9F5-81D835E30A76}
	EndGlobalSection
EndGlobal
